// !$*UTF8*$!
{
	archiveVersion = 1;
	classes = {
	};
	objectVersion = 46;
	objects = {

/* Begin PBXBuildFile section */
		04C3133C19182C3D004FFC61 /* ImagesViewController.m in Sources */ = {isa = PBXBuildFile; fileRef = 04C3133B19182C3D004FFC61 /* ImagesViewController.m */; };
		04C3133F19183A57004FFC61 /* Picture.m in Sources */ = {isa = PBXBuildFile; fileRef = 04C3133E19183A57004FFC61 /* Picture.m */; };
		31A556C9191AC7B5001B2832 /* NoResultsCell.m in Sources */ = {isa = PBXBuildFile; fileRef = 31A556C8191AC7B5001B2832 /* NoResultsCell.m */; };
		31A556CD191B5A1F001B2832 /* AsyncImageView.m in Sources */ = {isa = PBXBuildFile; fileRef = 31A556CC191B5A1F001B2832 /* AsyncImageView.m */; settings = {COMPILER_FLAGS = "-fobjc-arc"; }; };
		31AC6FB11918CFA400CDEC0F /* Raleway-Light.otf in Resources */ = {isa = PBXBuildFile; fileRef = 31AC6FAE1918CFA400CDEC0F /* Raleway-Light.otf */; };
		31AC6FB21918CFA400CDEC0F /* Raleway-Medium.otf in Resources */ = {isa = PBXBuildFile; fileRef = 31AC6FAF1918CFA400CDEC0F /* Raleway-Medium.otf */; };
		31AC6FB31918CFA400CDEC0F /* Raleway-Regular.otf in Resources */ = {isa = PBXBuildFile; fileRef = 31AC6FB01918CFA400CDEC0F /* Raleway-Regular.otf */; };
		B318C1221911B2770032BC38 /* FacebookSDK.framework in Frameworks */ = {isa = PBXBuildFile; fileRef = C9B80E4C18E23BFF004F236E /* FacebookSDK.framework */; };
		B351CBA519186D5600226088 /* footerView.m in Sources */ = {isa = PBXBuildFile; fileRef = B351CBA419186D5600226088 /* footerView.m */; };
		B3ADD79F1911D248009B6999 /* Event.m in Sources */ = {isa = PBXBuildFile; fileRef = B3ADD79E1911D248009B6999 /* Event.m */; };
		B3ADD7A21911E4D3009B6999 /* EventCell.m in Sources */ = {isa = PBXBuildFile; fileRef = B3ADD7A11911E4D3009B6999 /* EventCell.m */; };
		C9033C1118F783B000113DDE /* userInfo.m in Sources */ = {isa = PBXBuildFile; fileRef = C9033C1018F783B000113DDE /* userInfo.m */; };
		C9033C1418F79FA100113DDE /* CreateViewController.m in Sources */ = {isa = PBXBuildFile; fileRef = C9033C1318F79FA100113DDE /* CreateViewController.m */; };
		C93688C918E8B51900E165E5 /* LoginUIViewController.m in Sources */ = {isa = PBXBuildFile; fileRef = C93688C818E8B51900E165E5 /* LoginUIViewController.m */; };
		C98BF48D18F769F100149F03 /* HomeViewController.m in Sources */ = {isa = PBXBuildFile; fileRef = C98BF48C18F769F100149F03 /* HomeViewController.m */; };
		C9B80E4F18E23BFF004F236E /* CoreGraphics.framework in Frameworks */ = {isa = PBXBuildFile; fileRef = C9B80E4E18E23BFF004F236E /* CoreGraphics.framework */; };
		C9B80E5118E23BFF004F236E /* UIKit.framework in Frameworks */ = {isa = PBXBuildFile; fileRef = C9B80E5018E23BFF004F236E /* UIKit.framework */; };
		C9B80E5718E23C00004F236E /* InfoPlist.strings in Resources */ = {isa = PBXBuildFile; fileRef = C9B80E5518E23C00004F236E /* InfoPlist.strings */; };
		C9B80E5918E23C00004F236E /* main.m in Sources */ = {isa = PBXBuildFile; fileRef = C9B80E5818E23C00004F236E /* main.m */; };
		C9B80E5D18E23C00004F236E /* AppDelegate.m in Sources */ = {isa = PBXBuildFile; fileRef = C9B80E5C18E23C00004F236E /* AppDelegate.m */; };
		C9B80E6018E23C00004F236E /* Main.storyboard in Resources */ = {isa = PBXBuildFile; fileRef = C9B80E5E18E23C00004F236E /* Main.storyboard */; };
		C9B80E6518E23C00004F236E /* Images.xcassets in Resources */ = {isa = PBXBuildFile; fileRef = C9B80E6418E23C00004F236E /* Images.xcassets */; };
		C9B80E6C18E23C00004F236E /* XCTest.framework in Frameworks */ = {isa = PBXBuildFile; fileRef = C9B80E6B18E23C00004F236E /* XCTest.framework */; };
		C9B80E6D18E23C00004F236E /* FacebookSDK.framework in Frameworks */ = {isa = PBXBuildFile; fileRef = C9B80E4C18E23BFF004F236E /* FacebookSDK.framework */; };
		C9B80E6E18E23C00004F236E /* UIKit.framework in Frameworks */ = {isa = PBXBuildFile; fileRef = C9B80E5018E23BFF004F236E /* UIKit.framework */; };
		C9B80E7618E23C01004F236E /* InfoPlist.strings in Resources */ = {isa = PBXBuildFile; fileRef = C9B80E7418E23C01004F236E /* InfoPlist.strings */; };
		C9B80E7818E23C01004F236E /* ConvergeTests.m in Sources */ = {isa = PBXBuildFile; fileRef = C9B80E7718E23C01004F236E /* ConvergeTests.m */; };
		C9E348B118EDCB000074CC30 /* CameraViewController.m in Sources */ = {isa = PBXBuildFile; fileRef = C9E348B018EDCB000074CC30 /* CameraViewController.m */; };
/* End PBXBuildFile section */

/* Begin PBXContainerItemProxy section */
		C9B80E6F18E23C00004F236E /* PBXContainerItemProxy */ = {
			isa = PBXContainerItemProxy;
			containerPortal = C9B80E4118E23BFF004F236E /* Project object */;
			proxyType = 1;
			remoteGlobalIDString = C9B80E4818E23BFF004F236E;
			remoteInfo = Converge;
		};
/* End PBXContainerItemProxy section */

/* Begin PBXFileReference section */
		04C3133A19182C3D004FFC61 /* ImagesViewController.h */ = {isa = PBXFileReference; fileEncoding = 4; lastKnownFileType = sourcecode.c.h; path = ImagesViewController.h; sourceTree = "<group>"; };
		04C3133B19182C3D004FFC61 /* ImagesViewController.m */ = {isa = PBXFileReference; fileEncoding = 4; lastKnownFileType = sourcecode.c.objc; path = ImagesViewController.m; sourceTree = "<group>"; };
		04C3133D19183A57004FFC61 /* Picture.h */ = {isa = PBXFileReference; fileEncoding = 4; lastKnownFileType = sourcecode.c.h; path = Picture.h; sourceTree = "<group>"; };
		04C3133E19183A57004FFC61 /* Picture.m */ = {isa = PBXFileReference; fileEncoding = 4; lastKnownFileType = sourcecode.c.objc; path = Picture.m; sourceTree = "<group>"; };
		31A556C7191AC7B5001B2832 /* NoResultsCell.h */ = {isa = PBXFileReference; fileEncoding = 4; lastKnownFileType = sourcecode.c.h; path = NoResultsCell.h; sourceTree = "<group>"; };
		31A556C8191AC7B5001B2832 /* NoResultsCell.m */ = {isa = PBXFileReference; fileEncoding = 4; lastKnownFileType = sourcecode.c.objc; path = NoResultsCell.m; sourceTree = "<group>"; };
		31A556CB191B5A1F001B2832 /* AsyncImageView.h */ = {isa = PBXFileReference; fileEncoding = 4; lastKnownFileType = sourcecode.c.h; path = AsyncImageView.h; sourceTree = "<group>"; };
		31A556CC191B5A1F001B2832 /* AsyncImageView.m */ = {isa = PBXFileReference; fileEncoding = 4; lastKnownFileType = sourcecode.c.objc; path = AsyncImageView.m; sourceTree = "<group>"; };
		31AC6FAE1918CFA400CDEC0F /* Raleway-Light.otf */ = {isa = PBXFileReference; lastKnownFileType = file; path = "Raleway-Light.otf"; sourceTree = "<group>"; };
		31AC6FAF1918CFA400CDEC0F /* Raleway-Medium.otf */ = {isa = PBXFileReference; lastKnownFileType = file; path = "Raleway-Medium.otf"; sourceTree = "<group>"; };
		31AC6FB01918CFA400CDEC0F /* Raleway-Regular.otf */ = {isa = PBXFileReference; lastKnownFileType = file; path = "Raleway-Regular.otf"; sourceTree = "<group>"; };
		B351CBA319186D5600226088 /* footerView.h */ = {isa = PBXFileReference; fileEncoding = 4; lastKnownFileType = sourcecode.c.h; path = footerView.h; sourceTree = "<group>"; };
		B351CBA419186D5600226088 /* footerView.m */ = {isa = PBXFileReference; fileEncoding = 4; lastKnownFileType = sourcecode.c.objc; path = footerView.m; sourceTree = "<group>"; };
		B3ADD79D1911D248009B6999 /* Event.h */ = {isa = PBXFileReference; fileEncoding = 4; lastKnownFileType = sourcecode.c.h; name = Event.h; path = ../Event.h; sourceTree = "<group>"; };
		B3ADD79E1911D248009B6999 /* Event.m */ = {isa = PBXFileReference; fileEncoding = 4; lastKnownFileType = sourcecode.c.objc; name = Event.m; path = ../Event.m; sourceTree = "<group>"; };
		B3ADD7A01911E4D3009B6999 /* EventCell.h */ = {isa = PBXFileReference; fileEncoding = 4; lastKnownFileType = sourcecode.c.h; path = EventCell.h; sourceTree = "<group>"; };
		B3ADD7A11911E4D3009B6999 /* EventCell.m */ = {isa = PBXFileReference; fileEncoding = 4; lastKnownFileType = sourcecode.c.objc; path = EventCell.m; sourceTree = "<group>"; };
		C9033C0F18F783B000113DDE /* userInfo.h */ = {isa = PBXFileReference; fileEncoding = 4; lastKnownFileType = sourcecode.c.h; path = userInfo.h; sourceTree = "<group>"; };
		C9033C1018F783B000113DDE /* userInfo.m */ = {isa = PBXFileReference; fileEncoding = 4; lastKnownFileType = sourcecode.c.objc; path = userInfo.m; sourceTree = "<group>"; };
		C9033C1218F79FA100113DDE /* CreateViewController.h */ = {isa = PBXFileReference; fileEncoding = 4; lastKnownFileType = sourcecode.c.h; path = CreateViewController.h; sourceTree = "<group>"; };
		C9033C1318F79FA100113DDE /* CreateViewController.m */ = {isa = PBXFileReference; fileEncoding = 4; lastKnownFileType = sourcecode.c.objc; path = CreateViewController.m; sourceTree = "<group>"; };
		C93688C718E8B51900E165E5 /* LoginUIViewController.h */ = {isa = PBXFileReference; fileEncoding = 4; lastKnownFileType = sourcecode.c.h; path = LoginUIViewController.h; sourceTree = "<group>"; };
		C93688C818E8B51900E165E5 /* LoginUIViewController.m */ = {isa = PBXFileReference; fileEncoding = 4; lastKnownFileType = sourcecode.c.objc; path = LoginUIViewController.m; sourceTree = "<group>"; };
		C98BF48B18F769F100149F03 /* HomeViewController.h */ = {isa = PBXFileReference; fileEncoding = 4; lastKnownFileType = sourcecode.c.h; path = HomeViewController.h; sourceTree = "<group>"; };
		C98BF48C18F769F100149F03 /* HomeViewController.m */ = {isa = PBXFileReference; fileEncoding = 4; lastKnownFileType = sourcecode.c.objc; path = HomeViewController.m; sourceTree = "<group>"; };
		C9B80E4918E23BFF004F236E /* Converge.app */ = {isa = PBXFileReference; explicitFileType = wrapper.application; includeInIndex = 0; path = Converge.app; sourceTree = BUILT_PRODUCTS_DIR; };
		C9B80E4C18E23BFF004F236E /* FacebookSDK.framework */ = {isa = PBXFileReference; lastKnownFileType = wrapper.framework; path = FacebookSDK.framework; sourceTree = "<group>"; };
		C9B80E4E18E23BFF004F236E /* CoreGraphics.framework */ = {isa = PBXFileReference; lastKnownFileType = wrapper.framework; name = CoreGraphics.framework; path = System/Library/Frameworks/CoreGraphics.framework; sourceTree = SDKROOT; };
		C9B80E5018E23BFF004F236E /* UIKit.framework */ = {isa = PBXFileReference; lastKnownFileType = wrapper.framework; name = UIKit.framework; path = System/Library/Frameworks/UIKit.framework; sourceTree = SDKROOT; };
		C9B80E5418E23BFF004F236E /* Converge-Info.plist */ = {isa = PBXFileReference; lastKnownFileType = text.plist.xml; path = "Converge-Info.plist"; sourceTree = "<group>"; };
		C9B80E5618E23C00004F236E /* en */ = {isa = PBXFileReference; lastKnownFileType = text.plist.strings; name = en; path = en.lproj/InfoPlist.strings; sourceTree = "<group>"; };
		C9B80E5818E23C00004F236E /* main.m */ = {isa = PBXFileReference; lastKnownFileType = sourcecode.c.objc; path = main.m; sourceTree = "<group>"; };
		C9B80E5A18E23C00004F236E /* Converge-Prefix.pch */ = {isa = PBXFileReference; lastKnownFileType = sourcecode.c.h; path = "Converge-Prefix.pch"; sourceTree = "<group>"; };
		C9B80E5B18E23C00004F236E /* AppDelegate.h */ = {isa = PBXFileReference; lastKnownFileType = sourcecode.c.h; path = AppDelegate.h; sourceTree = "<group>"; };
		C9B80E5C18E23C00004F236E /* AppDelegate.m */ = {isa = PBXFileReference; lastKnownFileType = sourcecode.c.objc; path = AppDelegate.m; sourceTree = "<group>"; };
		C9B80E5F18E23C00004F236E /* Base */ = {isa = PBXFileReference; lastKnownFileType = file.storyboard; name = Base; path = Base.lproj/Main.storyboard; sourceTree = "<group>"; };
		C9B80E6418E23C00004F236E /* Images.xcassets */ = {isa = PBXFileReference; lastKnownFileType = folder.assetcatalog; path = Images.xcassets; sourceTree = "<group>"; };
		C9B80E6A18E23C00004F236E /* ConvergeTests.xctest */ = {isa = PBXFileReference; explicitFileType = wrapper.cfbundle; includeInIndex = 0; path = ConvergeTests.xctest; sourceTree = BUILT_PRODUCTS_DIR; };
		C9B80E6B18E23C00004F236E /* XCTest.framework */ = {isa = PBXFileReference; lastKnownFileType = wrapper.framework; name = XCTest.framework; path = Library/Frameworks/XCTest.framework; sourceTree = DEVELOPER_DIR; };
		C9B80E7318E23C01004F236E /* ConvergeTests-Info.plist */ = {isa = PBXFileReference; lastKnownFileType = text.plist.xml; path = "ConvergeTests-Info.plist"; sourceTree = "<group>"; };
		C9B80E7518E23C01004F236E /* en */ = {isa = PBXFileReference; lastKnownFileType = text.plist.strings; name = en; path = en.lproj/InfoPlist.strings; sourceTree = "<group>"; };
		C9B80E7718E23C01004F236E /* ConvergeTests.m */ = {isa = PBXFileReference; lastKnownFileType = sourcecode.c.objc; path = ConvergeTests.m; sourceTree = "<group>"; };
		C9E348AF18EDCB000074CC30 /* CameraViewController.h */ = {isa = PBXFileReference; fileEncoding = 4; lastKnownFileType = sourcecode.c.h; path = CameraViewController.h; sourceTree = "<group>"; };
		C9E348B018EDCB000074CC30 /* CameraViewController.m */ = {isa = PBXFileReference; fileEncoding = 4; lastKnownFileType = sourcecode.c.objc; path = CameraViewController.m; sourceTree = "<group>"; };
/* End PBXFileReference section */

/* Begin PBXFrameworksBuildPhase section */
		C9B80E4618E23BFF004F236E /* Frameworks */ = {
			isa = PBXFrameworksBuildPhase;
			buildActionMask = 2147483647;
			files = (
				B318C1221911B2770032BC38 /* FacebookSDK.framework in Frameworks */,
				C9B80E4F18E23BFF004F236E /* CoreGraphics.framework in Frameworks */,
				C9B80E5118E23BFF004F236E /* UIKit.framework in Frameworks */,
			);
			runOnlyForDeploymentPostprocessing = 0;
		};
		C9B80E6718E23C00004F236E /* Frameworks */ = {
			isa = PBXFrameworksBuildPhase;
			buildActionMask = 2147483647;
			files = (
				C9B80E6C18E23C00004F236E /* XCTest.framework in Frameworks */,
				C9B80E6E18E23C00004F236E /* UIKit.framework in Frameworks */,
				C9B80E6D18E23C00004F236E /* FacebookSDK.framework in Frameworks */,
			);
			runOnlyForDeploymentPostprocessing = 0;
		};
/* End PBXFrameworksBuildPhase section */

/* Begin PBXGroup section */
		31A556CA191B5A1F001B2832 /* AsyncImageView */ = {
			isa = PBXGroup;
			children = (
				31A556CB191B5A1F001B2832 /* AsyncImageView.h */,
				31A556CC191B5A1F001B2832 /* AsyncImageView.m */,
			);
			path = AsyncImageView;
			sourceTree = "<group>";
		};
		31AC6FA41918C86600CDEC0F /* Fonts */ = {
			isa = PBXGroup;
			children = (
				31AC6FAE1918CFA400CDEC0F /* Raleway-Light.otf */,
				31AC6FAF1918CFA400CDEC0F /* Raleway-Medium.otf */,
				31AC6FB01918CFA400CDEC0F /* Raleway-Regular.otf */,
			);
			name = Fonts;
			sourceTree = "<group>";
		};
		C9B80E4018E23BFF004F236E = {
			isa = PBXGroup;
			children = (
				04C3133D19183A57004FFC61 /* Picture.h */,
				04C3133E19183A57004FFC61 /* Picture.m */,
				C9B80E5218E23BFF004F236E /* Converge */,
				C9B80E7118E23C01004F236E /* ConvergeTests */,
				C9B80E4B18E23BFF004F236E /* Frameworks */,
				C9B80E4A18E23BFF004F236E /* Products */,
			);
			sourceTree = "<group>";
		};
		C9B80E4A18E23BFF004F236E /* Products */ = {
			isa = PBXGroup;
			children = (
				C9B80E4918E23BFF004F236E /* Converge.app */,
				C9B80E6A18E23C00004F236E /* ConvergeTests.xctest */,
			);
			name = Products;
			sourceTree = "<group>";
		};
		C9B80E4B18E23BFF004F236E /* Frameworks */ = {
			isa = PBXGroup;
			children = (
				C9B80E4C18E23BFF004F236E /* FacebookSDK.framework */,
				C9B80E4E18E23BFF004F236E /* CoreGraphics.framework */,
				C9B80E5018E23BFF004F236E /* UIKit.framework */,
				C9B80E6B18E23C00004F236E /* XCTest.framework */,
			);
			name = Frameworks;
			sourceTree = "<group>";
		};
		C9B80E5218E23BFF004F236E /* Converge */ = {
			isa = PBXGroup;
			children = (
				31A556CA191B5A1F001B2832 /* AsyncImageView */,
				31AC6FA41918C86600CDEC0F /* Fonts */,
				B351CBA319186D5600226088 /* footerView.h */,
				B351CBA419186D5600226088 /* footerView.m */,
				B3ADD79D1911D248009B6999 /* Event.h */,
				B3ADD79E1911D248009B6999 /* Event.m */,
				C9B80E5B18E23C00004F236E /* AppDelegate.h */,
				C9B80E5C18E23C00004F236E /* AppDelegate.m */,
				C9B80E5E18E23C00004F236E /* Main.storyboard */,
				04C3133A19182C3D004FFC61 /* ImagesViewController.h */,
				04C3133B19182C3D004FFC61 /* ImagesViewController.m */,
				B3ADD7A01911E4D3009B6999 /* EventCell.h */,
				B3ADD7A11911E4D3009B6999 /* EventCell.m */,
				C93688C718E8B51900E165E5 /* LoginUIViewController.h */,
				C93688C818E8B51900E165E5 /* LoginUIViewController.m */,
				C9E348AF18EDCB000074CC30 /* CameraViewController.h */,
				C9E348B018EDCB000074CC30 /* CameraViewController.m */,
				C98BF48B18F769F100149F03 /* HomeViewController.h */,
				C98BF48C18F769F100149F03 /* HomeViewController.m */,
				C9033C1218F79FA100113DDE /* CreateViewController.h */,
				C9033C1318F79FA100113DDE /* CreateViewController.m */,
				C9033C0F18F783B000113DDE /* userInfo.h */,
				C9033C1018F783B000113DDE /* userInfo.m */,
				C9B80E6418E23C00004F236E /* Images.xcassets */,
				C9B80E5318E23BFF004F236E /* Supporting Files */,
				31A556C7191AC7B5001B2832 /* NoResultsCell.h */,
				31A556C8191AC7B5001B2832 /* NoResultsCell.m */,
			);
			path = Converge;
			sourceTree = "<group>";
		};
		C9B80E5318E23BFF004F236E /* Supporting Files */ = {
			isa = PBXGroup;
			children = (
				C9B80E5418E23BFF004F236E /* Converge-Info.plist */,
				C9B80E5518E23C00004F236E /* InfoPlist.strings */,
				C9B80E5818E23C00004F236E /* main.m */,
				C9B80E5A18E23C00004F236E /* Converge-Prefix.pch */,
			);
			name = "Supporting Files";
			sourceTree = "<group>";
		};
		C9B80E7118E23C01004F236E /* ConvergeTests */ = {
			isa = PBXGroup;
			children = (
				C9B80E7718E23C01004F236E /* ConvergeTests.m */,
				C9B80E7218E23C01004F236E /* Supporting Files */,
			);
			path = ConvergeTests;
			sourceTree = "<group>";
		};
		C9B80E7218E23C01004F236E /* Supporting Files */ = {
			isa = PBXGroup;
			children = (
				C9B80E7318E23C01004F236E /* ConvergeTests-Info.plist */,
				C9B80E7418E23C01004F236E /* InfoPlist.strings */,
			);
			name = "Supporting Files";
			sourceTree = "<group>";
		};
/* End PBXGroup section */

/* Begin PBXNativeTarget section */
		C9B80E4818E23BFF004F236E /* Converge */ = {
			isa = PBXNativeTarget;
			buildConfigurationList = C9B80E7B18E23C01004F236E /* Build configuration list for PBXNativeTarget "Converge" */;
			buildPhases = (
				C9B80E4518E23BFF004F236E /* Sources */,
				C9B80E4618E23BFF004F236E /* Frameworks */,
				C9B80E4718E23BFF004F236E /* Resources */,
			);
			buildRules = (
			);
			dependencies = (
			);
			name = Converge;
			productName = Converge;
			productReference = C9B80E4918E23BFF004F236E /* Converge.app */;
			productType = "com.apple.product-type.application";
		};
		C9B80E6918E23C00004F236E /* ConvergeTests */ = {
			isa = PBXNativeTarget;
			buildConfigurationList = C9B80E7E18E23C01004F236E /* Build configuration list for PBXNativeTarget "ConvergeTests" */;
			buildPhases = (
				C9B80E6618E23C00004F236E /* Sources */,
				C9B80E6718E23C00004F236E /* Frameworks */,
				C9B80E6818E23C00004F236E /* Resources */,
			);
			buildRules = (
			);
			dependencies = (
				C9B80E7018E23C00004F236E /* PBXTargetDependency */,
			);
			name = ConvergeTests;
			productName = ConvergeTests;
			productReference = C9B80E6A18E23C00004F236E /* ConvergeTests.xctest */;
			productType = "com.apple.product-type.bundle.unit-test";
		};
/* End PBXNativeTarget section */

/* Begin PBXProject section */
		C9B80E4118E23BFF004F236E /* Project object */ = {
			isa = PBXProject;
			attributes = {
				LastUpgradeCheck = 0510;
				ORGANIZATIONNAME = "Vyshak Nagappala";
				TargetAttributes = {
					C9B80E6918E23C00004F236E = {
						TestTargetID = C9B80E4818E23BFF004F236E;
					};
				};
			};
			buildConfigurationList = C9B80E4418E23BFF004F236E /* Build configuration list for PBXProject "Converge" */;
			compatibilityVersion = "Xcode 3.2";
			developmentRegion = English;
			hasScannedForEncodings = 0;
			knownRegions = (
				en,
				Base,
			);
			mainGroup = C9B80E4018E23BFF004F236E;
			productRefGroup = C9B80E4A18E23BFF004F236E /* Products */;
			projectDirPath = "";
			projectRoot = "";
			targets = (
				C9B80E4818E23BFF004F236E /* Converge */,
				C9B80E6918E23C00004F236E /* ConvergeTests */,
			);
		};
/* End PBXProject section */

/* Begin PBXResourcesBuildPhase section */
		C9B80E4718E23BFF004F236E /* Resources */ = {
			isa = PBXResourcesBuildPhase;
			buildActionMask = 2147483647;
			files = (
				31AC6FB11918CFA400CDEC0F /* Raleway-Light.otf in Resources */,
				C9B80E6518E23C00004F236E /* Images.xcassets in Resources */,
				C9B80E5718E23C00004F236E /* InfoPlist.strings in Resources */,
				31AC6FB21918CFA400CDEC0F /* Raleway-Medium.otf in Resources */,
				31AC6FB31918CFA400CDEC0F /* Raleway-Regular.otf in Resources */,
				C9B80E6018E23C00004F236E /* Main.storyboard in Resources */,
			);
			runOnlyForDeploymentPostprocessing = 0;
		};
		C9B80E6818E23C00004F236E /* Resources */ = {
			isa = PBXResourcesBuildPhase;
			buildActionMask = 2147483647;
			files = (
				C9B80E7618E23C01004F236E /* InfoPlist.strings in Resources */,
			);
			runOnlyForDeploymentPostprocessing = 0;
		};
/* End PBXResourcesBuildPhase section */

/* Begin PBXSourcesBuildPhase section */
		C9B80E4518E23BFF004F236E /* Sources */ = {
			isa = PBXSourcesBuildPhase;
			buildActionMask = 2147483647;
			files = (
				C93688C918E8B51900E165E5 /* LoginUIViewController.m in Sources */,
				B351CBA519186D5600226088 /* footerView.m in Sources */,
				C9E348B118EDCB000074CC30 /* CameraViewController.m in Sources */,
				C9B80E5D18E23C00004F236E /* AppDelegate.m in Sources */,
				31A556C9191AC7B5001B2832 /* NoResultsCell.m in Sources */,
				C9033C1418F79FA100113DDE /* CreateViewController.m in Sources */,
				04C3133F19183A57004FFC61 /* Picture.m in Sources */,
				B3ADD79F1911D248009B6999 /* Event.m in Sources */,
				C98BF48D18F769F100149F03 /* HomeViewController.m in Sources */,
				04C3133C19182C3D004FFC61 /* ImagesViewController.m in Sources */,
				C9033C1118F783B000113DDE /* userInfo.m in Sources */,
				B3ADD7A21911E4D3009B6999 /* EventCell.m in Sources */,
				C9B80E5918E23C00004F236E /* main.m in Sources */,
				31A556CD191B5A1F001B2832 /* AsyncImageView.m in Sources */,
			);
			runOnlyForDeploymentPostprocessing = 0;
		};
		C9B80E6618E23C00004F236E /* Sources */ = {
			isa = PBXSourcesBuildPhase;
			buildActionMask = 2147483647;
			files = (
				C9B80E7818E23C01004F236E /* ConvergeTests.m in Sources */,
			);
			runOnlyForDeploymentPostprocessing = 0;
		};
/* End PBXSourcesBuildPhase section */

/* Begin PBXTargetDependency section */
		C9B80E7018E23C00004F236E /* PBXTargetDependency */ = {
			isa = PBXTargetDependency;
			target = C9B80E4818E23BFF004F236E /* Converge */;
			targetProxy = C9B80E6F18E23C00004F236E /* PBXContainerItemProxy */;
		};
/* End PBXTargetDependency section */

/* Begin PBXVariantGroup section */
		C9B80E5518E23C00004F236E /* InfoPlist.strings */ = {
			isa = PBXVariantGroup;
			children = (
				C9B80E5618E23C00004F236E /* en */,
			);
			name = InfoPlist.strings;
			sourceTree = "<group>";
		};
		C9B80E5E18E23C00004F236E /* Main.storyboard */ = {
			isa = PBXVariantGroup;
			children = (
				C9B80E5F18E23C00004F236E /* Base */,
			);
			name = Main.storyboard;
			sourceTree = "<group>";
		};
		C9B80E7418E23C01004F236E /* InfoPlist.strings */ = {
			isa = PBXVariantGroup;
			children = (
				C9B80E7518E23C01004F236E /* en */,
			);
			name = InfoPlist.strings;
			sourceTree = "<group>";
		};
/* End PBXVariantGroup section */

/* Begin XCBuildConfiguration section */
		C9B80E7918E23C01004F236E /* Debug */ = {
			isa = XCBuildConfiguration;
			buildSettings = {
				ALWAYS_SEARCH_USER_PATHS = NO;
				CLANG_CXX_LANGUAGE_STANDARD = "gnu++0x";
				CLANG_CXX_LIBRARY = "libc++";
				CLANG_ENABLE_MODULES = YES;
				CLANG_ENABLE_OBJC_ARC = YES;
				CLANG_WARN_BOOL_CONVERSION = YES;
				CLANG_WARN_CONSTANT_CONVERSION = YES;
				CLANG_WARN_DIRECT_OBJC_ISA_USAGE = YES_ERROR;
				CLANG_WARN_EMPTY_BODY = YES;
				CLANG_WARN_ENUM_CONVERSION = YES;
				CLANG_WARN_INT_CONVERSION = YES;
				CLANG_WARN_OBJC_ROOT_CLASS = YES_ERROR;
				CLANG_WARN__DUPLICATE_METHOD_MATCH = YES;
				"CODE_SIGN_IDENTITY[sdk=iphoneos*]" = "iPhone Developer";
				COPY_PHASE_STRIP = NO;
				GCC_C_LANGUAGE_STANDARD = gnu99;
				GCC_DYNAMIC_NO_PIC = NO;
				GCC_OPTIMIZATION_LEVEL = 0;
				GCC_PREPROCESSOR_DEFINITIONS = (
					"DEBUG=1",
					"$(inherited)",
				);
				GCC_SYMBOLS_PRIVATE_EXTERN = NO;
				GCC_WARN_64_TO_32_BIT_CONVERSION = YES;
				GCC_WARN_ABOUT_RETURN_TYPE = YES_ERROR;
				GCC_WARN_UNDECLARED_SELECTOR = YES;
				GCC_WARN_UNINITIALIZED_AUTOS = YES;
				GCC_WARN_UNUSED_FUNCTION = YES;
				GCC_WARN_UNUSED_VARIABLE = YES;
				IPHONEOS_DEPLOYMENT_TARGET = 7.0;
				ONLY_ACTIVE_ARCH = YES;
				SDKROOT = iphoneos;
			};
			name = Debug;
		};
		C9B80E7A18E23C01004F236E /* Release */ = {
			isa = XCBuildConfiguration;
			buildSettings = {
				ALWAYS_SEARCH_USER_PATHS = NO;
				CLANG_CXX_LANGUAGE_STANDARD = "gnu++0x";
				CLANG_CXX_LIBRARY = "libc++";
				CLANG_ENABLE_MODULES = YES;
				CLANG_ENABLE_OBJC_ARC = YES;
				CLANG_WARN_BOOL_CONVERSION = YES;
				CLANG_WARN_CONSTANT_CONVERSION = YES;
				CLANG_WARN_DIRECT_OBJC_ISA_USAGE = YES_ERROR;
				CLANG_WARN_EMPTY_BODY = YES;
				CLANG_WARN_ENUM_CONVERSION = YES;
				CLANG_WARN_INT_CONVERSION = YES;
				CLANG_WARN_OBJC_ROOT_CLASS = YES_ERROR;
				CLANG_WARN__DUPLICATE_METHOD_MATCH = YES;
				"CODE_SIGN_IDENTITY[sdk=iphoneos*]" = "iPhone Developer";
				COPY_PHASE_STRIP = YES;
				ENABLE_NS_ASSERTIONS = NO;
				GCC_C_LANGUAGE_STANDARD = gnu99;
				GCC_WARN_64_TO_32_BIT_CONVERSION = YES;
				GCC_WARN_ABOUT_RETURN_TYPE = YES_ERROR;
				GCC_WARN_UNDECLARED_SELECTOR = YES;
				GCC_WARN_UNINITIALIZED_AUTOS = YES;
				GCC_WARN_UNUSED_FUNCTION = YES;
				GCC_WARN_UNUSED_VARIABLE = YES;
				IPHONEOS_DEPLOYMENT_TARGET = 7.0;
				SDKROOT = iphoneos;
				VALIDATE_PRODUCT = YES;
			};
			name = Release;
		};
		C9B80E7C18E23C01004F236E /* Debug */ = {
			isa = XCBuildConfiguration;
			buildSettings = {
				ASSETCATALOG_COMPILER_APPICON_NAME = AppIcon;
				ASSETCATALOG_COMPILER_LAUNCHIMAGE_NAME = LaunchImage;
				FRAMEWORK_SEARCH_PATHS = (
					"$(inherited)",
					/Users/Patron/Documents/FacebookSDK,
					"$(PROJECT_DIR)",
					/afs/cs.wisc.edu/u/h/s/hsiung/Desktop/Converge,
				);
				GCC_PRECOMPILE_PREFIX_HEADER = YES;
				GCC_PREFIX_HEADER = "Converge/Converge-Prefix.pch";
				INFOPLIST_FILE = "Converge/Converge-Info.plist";
				PRODUCT_NAME = "$(TARGET_NAME)";
				WRAPPER_EXTENSION = app;
			};
			name = Debug;
		};
		C9B80E7D18E23C01004F236E /* Release */ = {
			isa = XCBuildConfiguration;
			buildSettings = {
				ASSETCATALOG_COMPILER_APPICON_NAME = AppIcon;
				ASSETCATALOG_COMPILER_LAUNCHIMAGE_NAME = LaunchImage;
				FRAMEWORK_SEARCH_PATHS = (
					"$(inherited)",
					/Users/Patron/Documents/FacebookSDK,
					"$(PROJECT_DIR)",
					/afs/cs.wisc.edu/u/h/s/hsiung/Desktop/Converge,
				);
				GCC_PRECOMPILE_PREFIX_HEADER = YES;
				GCC_PREFIX_HEADER = "Converge/Converge-Prefix.pch";
				INFOPLIST_FILE = "Converge/Converge-Info.plist";
				PRODUCT_NAME = "$(TARGET_NAME)";
				WRAPPER_EXTENSION = app;
			};
			name = Release;
		};
		C9B80E7F18E23C01004F236E /* Debug */ = {
			isa = XCBuildConfiguration;
			buildSettings = {
				BUNDLE_LOADER = "$(BUILT_PRODUCTS_DIR)/Converge.app/Converge";
				FRAMEWORK_SEARCH_PATHS = (
					"$(SDKROOT)/Developer/Library/Frameworks",
					"$(inherited)",
					"$(DEVELOPER_FRAMEWORKS_DIR)",
				);
				GCC_PRECOMPILE_PREFIX_HEADER = YES;
				GCC_PREFIX_HEADER = "Converge/Converge-Prefix.pch";
				GCC_PREPROCESSOR_DEFINITIONS = (
					"DEBUG=1",
					"$(inherited)",
				);
				INFOPLIST_FILE = "ConvergeTests/ConvergeTests-Info.plist";
				PRODUCT_NAME = "$(TARGET_NAME)";
				TEST_HOST = "$(BUNDLE_LOADER)";
				WRAPPER_EXTENSION = xctest;
			};
			name = Debug;
		};
		C9B80E8018E23C01004F236E /* Release */ = {
			isa = XCBuildConfiguration;
			buildSettings = {
				BUNDLE_LOADER = "$(BUILT_PRODUCTS_DIR)/Converge.app/Converge";
				FRAMEWORK_SEARCH_PATHS = (
					"$(SDKROOT)/Developer/Library/Frameworks",
					"$(inherited)",
					"$(DEVELOPER_FRAMEWORKS_DIR)",
				);
				GCC_PRECOMPILE_PREFIX_HEADER = YES;
				GCC_PREFIX_HEADER = "Converge/Converge-Prefix.pch";
				INFOPLIST_FILE = "ConvergeTests/ConvergeTests-Info.plist";
				PRODUCT_NAME = "$(TARGET_NAME)";
				TEST_HOST = "$(BUNDLE_LOADER)";
				WRAPPER_EXTENSION = xctest;
			};
			name = Release;
		};
/* End XCBuildConfiguration section */

/* Begin XCConfigurationList section */
		C9B80E4418E23BFF004F236E /* Build configuration list for PBXProject "Converge" */ = {
			isa = XCConfigurationList;
			buildConfigurations = (
				C9B80E7918E23C01004F236E /* Debug */,
				C9B80E7A18E23C01004F236E /* Release */,
			);
			defaultConfigurationIsVisible = 0;
			defaultConfigurationName = Release;
		};
		C9B80E7B18E23C01004F236E /* Build configuration list for PBXNativeTarget "Converge" */ = {
			isa = XCConfigurationList;
			buildConfigurations = (
				C9B80E7C18E23C01004F236E /* Debug */,
				C9B80E7D18E23C01004F236E /* Release */,
			);
			defaultConfigurationIsVisible = 0;
			defaultConfigurationName = Release;
		};
		C9B80E7E18E23C01004F236E /* Build configuration list for PBXNativeTarget "ConvergeTests" */ = {
			isa = XCConfigurationList;
			buildConfigurations = (
				C9B80E7F18E23C01004F236E /* Debug */,
				C9B80E8018E23C01004F236E /* Release */,
			);
			defaultConfigurationIsVisible = 0;
			defaultConfigurationName = Release;
		};
/* End XCConfigurationList section */
	};
	rootObject = C9B80E4118E23BFF004F236E /* Project object */;
}
